fyne.io/fyne/v2 v2.4.5 h1:W6jpAEmLoBbKyBB+EXqI7GMJ7kLgHQWCa0wZHUV2VfQ=
fyne.io/fyne/v2 v2.4.5/go.mod h1:SlOgbca0y80cRObu/JOhxIJdIgtoW7aCyqUVlTMgs0Y=
github.com/andlabs/ui v0.0.0-20200610043537-70a69d6ae31e h1:wSQCJiig/QkoUnpvelSPbLiZNWvh2yMqQTQvIQqSUkU=
github.com/andlabs/ui v0.0.0-20200610043537-70a69d6ae31e/go.mod h1:5G2EjwzgZUPnnReoKvPWVneT8APYbyKkihDVAHUi0II=
